
Microsoft Visual Studio Solution File, Format Version 12.00
# Visual Studio 2013
VisualStudioVersion = 12.0.30501.0
MinimumVisualStudioVersion = 10.0.40219.1
Project("{FAE04EC0-301F-11D3-BF4B-00C04F79EFBC}") = "BYsoft", "BYsoft\BYsoft.csproj", "{6B67082A-5D79-4AE3-AD65-84B63D4D74B2}"
EndProject
Project("{2150E333-8FDC-42A3-9474-1A3956D46DE8}") = ".nuget", ".nuget", "{AC2133A2-08A0-44BF-8C13-12560F3058C6}"
	ProjectSection(SolutionItems) = preProject
		.nuget\packages.config = .nuget\packages.config
	EndProjectSection
EndProject
Project("{FAE04EC0-301F-11D3-BF4B-00C04F79EFBC}") = "NUnitTests", "NUnitTests\NUnitTests.csproj", "{2D247B0F-36D2-4602-AA50-A4ECFAD547F4}"
EndProject
Project("{FAE04EC0-301F-11D3-BF4B-00C04F79EFBC}") = "Model", "Model\Model.csproj", "{82D5AC89-94A1-4362-B456-0716C025ABA7}"
EndProject
Global
	GlobalSection(SolutionConfigurationPlatforms) = preSolution
		Debug|Any CPU = Debug|Any CPU
		Release|Any CPU = Release|Any CPU
	EndGlobalSection
	GlobalSection(ProjectConfigurationPlatforms) = postSolution
		{6B67082A-5D79-4AE3-AD65-84B63D4D74B2}.Debug|Any CPU.ActiveCfg = Debug|Any CPU
		{6B67082A-5D79-4AE3-AD65-84B63D4D74B2}.Debug|Any CPU.Build.0 = Debug|Any CPU
		{6B67082A-5D79-4AE3-AD65-84B63D4D74B2}.Release|Any CPU.ActiveCfg = Release|Any CPU
		{6B67082A-5D79-4AE3-AD65-84B63D4D74B2}.Release|Any CPU.Build.0 = Release|Any CPU
		{2D247B0F-36D2-4602-AA50-A4ECFAD547F4}.Debug|Any CPU.ActiveCfg = Debug|Any CPU
		{2D247B0F-36D2-4602-AA50-A4ECFAD547F4}.Debug|Any CPU.Build.0 = Debug|Any CPU
		{2D247B0F-36D2-4602-AA50-A4ECFAD547F4}.Release|Any CPU.ActiveCfg = Release|Any CPU
		{2D247B0F-36D2-4602-AA50-A4ECFAD547F4}.Release|Any CPU.Build.0 = Release|Any CPU
		{82D5AC89-94A1-4362-B456-0716C025ABA7}.Debug|Any CPU.ActiveCfg = Debug|Any CPU
		{82D5AC89-94A1-4362-B456-0716C025ABA7}.Debug|Any CPU.Build.0 = Debug|Any CPU
		{82D5AC89-94A1-4362-B456-0716C025ABA7}.Release|Any CPU.ActiveCfg = Release|Any CPU
		{82D5AC89-94A1-4362-B456-0716C025ABA7}.Release|Any CPU.Build.0 = Release|Any CPU
	EndGlobalSection
	GlobalSection(SolutionProperties) = preSolution
		HideSolutionNode = FALSE
	EndGlobalSection
EndGlobal
